
Microsoft Visual Studio Solution File, Format Version 11.00
# Visual Studio 2010
Project("{FAE04EC0-301F-11D3-BF4B-00C04F79EFBC}") = "Assembly-CSharp", "Assembly-CSharp.csproj", "{7f80c6a0-6001-93a9-e7f3-4b9fd2d7c1a2}"
EndProject
Project("{FAE04EC0-301F-11D3-BF4B-00C04F79EFBC}") = "Assembly-CSharp-Editor", "Assembly-CSharp-Editor.csproj", "{34e2b63a-0231-568d-953a-e471376080f3}"
EndProject
Global
	GlobalSection(SolutionConfigurationPlatforms) = preSolution
		Debug|Any CPU = Debug|Any CPU
	EndGlobalSection
	GlobalSection(ProjectConfigurationPlatforms) = postSolution
		{7f80c6a0-6001-93a9-e7f3-4b9fd2d7c1a2}.Debug|Any CPU.ActiveCfg = Debug|Any CPU
		{7f80c6a0-6001-93a9-e7f3-4b9fd2d7c1a2}.Debug|Any CPU.Build.0 = Debug|Any CPU
		{34e2b63a-0231-568d-953a-e471376080f3}.Debug|Any CPU.ActiveCfg = Debug|Any CPU
		{34e2b63a-0231-568d-953a-e471376080f3}.Debug|Any CPU.Build.0 = Debug|Any CPU
	EndGlobalSection
	GlobalSection(SolutionProperties) = preSolution
		HideSolutionNode = FALSE
	EndGlobalSection
EndGlobal
